
Microsoft Visual Studio Solution File, Format Version 12.00
# Visual Studio Version 17
VisualStudioVersion = 17.1.32210.238
MinimumVisualStudioVersion = 10.0.40219.1
Project("{FAE04EC0-301F-11D3-BF4B-00C04F79EFBC}") = "snookNET", "snookNET\snookNET.csproj", "{6FE39057-03D7-48E0-9A87-62EEBE76217E}"
EndProject
Global
	GlobalSection(SolutionConfigurationPlatforms) = preSolution
		Debug|Any CPU = Debug|Any CPU
		Release|Any CPU = Release|Any CPU
	EndGlobalSection
	GlobalSection(ProjectConfigurationPlatforms) = postSolution
		{6FE39057-03D7-48E0-9A87-62EEBE76217E}.Debug|Any CPU.ActiveCfg = Debug|Any CPU
		{6FE39057-03D7-48E0-9A87-62EEBE76217E}.Debug|Any CPU.Build.0 = Debug|Any CPU
		{6FE39057-03D7-48E0-9A87-62EEBE76217E}.Release|Any CPU.ActiveCfg = Release|Any CPU
		{6FE39057-03D7-48E0-9A87-62EEBE76217E}.Release|Any CPU.Build.0 = Release|Any CPU
	EndGlobalSection
	GlobalSection(SolutionProperties) = preSolution
		HideSolutionNode = FALSE
	EndGlobalSection
	GlobalSection(ExtensibilityGlobals) = postSolution
		SolutionGuid = {3110B7A1-AC4F-4C0E-A38B-24792A64803A}
	EndGlobalSection
EndGlobal
